
Microsoft Visual Studio Solution File, Format Version 11.00
# Visual Studio 2010
Project("{FAE04EC0-301F-11D3-BF4B-00C04F79EFBC}") = "MazeUnity3D-master", "Assembly-CSharp.csproj", "{8CD469B2-99E2-253A-E8AE-4B1F170F942F}"
EndProject
Project("{FAE04EC0-301F-11D3-BF4B-00C04F79EFBC}") = "MazeUnity3D-master", "Assembly-CSharp-Editor.csproj", "{17838B0E-7CF7-F193-6A54-965774296438}"
EndProject
Global
	GlobalSection(SolutionConfigurationPlatforms) = preSolution
		Debug|Any CPU = Debug|Any CPU
		Release|Any CPU = Release|Any CPU
	EndGlobalSection
	GlobalSection(ProjectConfigurationPlatforms) = postSolution
		{8CD469B2-99E2-253A-E8AE-4B1F170F942F}.Debug|Any CPU.ActiveCfg = Debug|Any CPU
		{8CD469B2-99E2-253A-E8AE-4B1F170F942F}.Debug|Any CPU.Build.0 = Debug|Any CPU
		{8CD469B2-99E2-253A-E8AE-4B1F170F942F}.Release|Any CPU.ActiveCfg = Release|Any CPU
		{8CD469B2-99E2-253A-E8AE-4B1F170F942F}.Release|Any CPU.Build.0 = Release|Any CPU
		{17838B0E-7CF7-F193-6A54-965774296438}.Debug|Any CPU.ActiveCfg = Debug|Any CPU
		{17838B0E-7CF7-F193-6A54-965774296438}.Debug|Any CPU.Build.0 = Debug|Any CPU
		{17838B0E-7CF7-F193-6A54-965774296438}.Release|Any CPU.ActiveCfg = Release|Any CPU
		{17838B0E-7CF7-F193-6A54-965774296438}.Release|Any CPU.Build.0 = Release|Any CPU
	EndGlobalSection
	GlobalSection(SolutionProperties) = preSolution
		HideSolutionNode = FALSE
	EndGlobalSection
	GlobalSection(MonoDevelopProperties) = preSolution
		StartupItem = Assembly-CSharp.csproj
	EndGlobalSection
EndGlobal
